
Microsoft Visual Studio Solution File, Format Version 12.00
# Visual Studio Version 16
VisualStudioVersion = 16.0.29911.84
MinimumVisualStudioVersion = 10.0.40219.1
Project("{FAE04EC0-301F-11D3-BF4B-00C04F79EFBC}") = "Cosmetic_Store", "Cosmetic_Store\Cosmetic_Store.csproj", "{CAC45CD0-FB1F-4EA7-92FB-807628294750}"
EndProject
Global
	GlobalSection(SolutionConfigurationPlatforms) = preSolution
		Debug|Any CPU = Debug|Any CPU
		Release|Any CPU = Release|Any CPU
	EndGlobalSection
	GlobalSection(ProjectConfigurationPlatforms) = postSolution
		{CAC45CD0-FB1F-4EA7-92FB-807628294750}.Debug|Any CPU.ActiveCfg = Debug|Any CPU
		{CAC45CD0-FB1F-4EA7-92FB-807628294750}.Debug|Any CPU.Build.0 = Debug|Any CPU
		{CAC45CD0-FB1F-4EA7-92FB-807628294750}.Release|Any CPU.ActiveCfg = Release|Any CPU
		{CAC45CD0-FB1F-4EA7-92FB-807628294750}.Release|Any CPU.Build.0 = Release|Any CPU
	EndGlobalSection
	GlobalSection(SolutionProperties) = preSolution
		HideSolutionNode = FALSE
	EndGlobalSection
	GlobalSection(ExtensibilityGlobals) = postSolution
		SolutionGuid = {A1426E48-8C76-45C7-9305-4716A8BD1A9D}
	EndGlobalSection
EndGlobal
